
Microsoft Visual Studio Solution File, Format Version 12.00
# Visual Studio 14
VisualStudioVersion = 14.0.24720.0
MinimumVisualStudioVersion = 10.0.40219.1
Project("{FAE04EC0-301F-11D3-BF4B-00C04F79EFBC}") = "SSMAssembler", "SSMAssembler\SSMAssembler.csproj", "{E971526F-AF4A-4C19-ACF1-9217C463AD75}"
EndProject
Project("{FAE04EC0-301F-11D3-BF4B-00C04F79EFBC}") = "C-S-Compiler", "C-S-Compiler\C-S-Compiler.csproj", "{81D46009-3E74-43B2-8519-C64724031600}"
EndProject
Global
	GlobalSection(SolutionConfigurationPlatforms) = preSolution
		Debug|Any CPU = Debug|Any CPU
		Debug|x64 = Debug|x64
		Debug|x86 = Debug|x86
		Release|Any CPU = Release|Any CPU
		Release|x64 = Release|x64
		Release|x86 = Release|x86
	EndGlobalSection
	GlobalSection(ProjectConfigurationPlatforms) = postSolution
		{E971526F-AF4A-4C19-ACF1-9217C463AD75}.Debug|Any CPU.ActiveCfg = Debug|Any CPU
		{E971526F-AF4A-4C19-ACF1-9217C463AD75}.Debug|Any CPU.Build.0 = Debug|Any CPU
		{E971526F-AF4A-4C19-ACF1-9217C463AD75}.Debug|x64.ActiveCfg = Debug|Any CPU
		{E971526F-AF4A-4C19-ACF1-9217C463AD75}.Debug|x64.Build.0 = Debug|Any CPU
		{E971526F-AF4A-4C19-ACF1-9217C463AD75}.Debug|x86.ActiveCfg = Debug|Any CPU
		{E971526F-AF4A-4C19-ACF1-9217C463AD75}.Debug|x86.Build.0 = Debug|Any CPU
		{E971526F-AF4A-4C19-ACF1-9217C463AD75}.Release|Any CPU.ActiveCfg = Release|Any CPU
		{E971526F-AF4A-4C19-ACF1-9217C463AD75}.Release|Any CPU.Build.0 = Release|Any CPU
		{E971526F-AF4A-4C19-ACF1-9217C463AD75}.Release|x64.ActiveCfg = Release|Any CPU
		{E971526F-AF4A-4C19-ACF1-9217C463AD75}.Release|x64.Build.0 = Release|Any CPU
		{E971526F-AF4A-4C19-ACF1-9217C463AD75}.Release|x86.ActiveCfg = Release|Any CPU
		{E971526F-AF4A-4C19-ACF1-9217C463AD75}.Release|x86.Build.0 = Release|Any CPU
		{81D46009-3E74-43B2-8519-C64724031600}.Debug|Any CPU.ActiveCfg = Debug|Any CPU
		{81D46009-3E74-43B2-8519-C64724031600}.Debug|Any CPU.Build.0 = Debug|Any CPU
		{81D46009-3E74-43B2-8519-C64724031600}.Debug|x64.ActiveCfg = Debug|Any CPU
		{81D46009-3E74-43B2-8519-C64724031600}.Debug|x64.Build.0 = Debug|Any CPU
		{81D46009-3E74-43B2-8519-C64724031600}.Debug|x86.ActiveCfg = Debug|Any CPU
		{81D46009-3E74-43B2-8519-C64724031600}.Debug|x86.Build.0 = Debug|Any CPU
		{81D46009-3E74-43B2-8519-C64724031600}.Release|Any CPU.ActiveCfg = Release|Any CPU
		{81D46009-3E74-43B2-8519-C64724031600}.Release|Any CPU.Build.0 = Release|Any CPU
		{81D46009-3E74-43B2-8519-C64724031600}.Release|x64.ActiveCfg = Release|Any CPU
		{81D46009-3E74-43B2-8519-C64724031600}.Release|x64.Build.0 = Release|Any CPU
		{81D46009-3E74-43B2-8519-C64724031600}.Release|x86.ActiveCfg = Release|Any CPU
		{81D46009-3E74-43B2-8519-C64724031600}.Release|x86.Build.0 = Release|Any CPU
	EndGlobalSection
	GlobalSection(SolutionProperties) = preSolution
		HideSolutionNode = FALSE
	EndGlobalSection
EndGlobal
